
Microsoft Visual Studio Solution File, Format Version 12.00
# Visual Studio Version 17
VisualStudioVersion = 17.12.35506.116 d17.12
MinimumVisualStudioVersion = 10.0.40219.1
Project("{FAE04EC0-301F-11D3-BF4B-00C04F79EFBC}") = "R61M6C2_w01", "R61M6C2_w01.csproj", "{EE4BABF4-532D-4D5C-8F10-975E0D1F70CD}"
EndProject
Global
	GlobalSection(SolutionConfigurationPlatforms) = preSolution
		Debug|Any CPU = Debug|Any CPU
		Release|Any CPU = Release|Any CPU
	EndGlobalSection
	GlobalSection(ProjectConfigurationPlatforms) = postSolution
		{EE4BABF4-532D-4D5C-8F10-975E0D1F70CD}.Debug|Any CPU.ActiveCfg = Debug|Any CPU
		{EE4BABF4-532D-4D5C-8F10-975E0D1F70CD}.Debug|Any CPU.Build.0 = Debug|Any CPU
		{EE4BABF4-532D-4D5C-8F10-975E0D1F70CD}.Release|Any CPU.ActiveCfg = Release|Any CPU
		{EE4BABF4-532D-4D5C-8F10-975E0D1F70CD}.Release|Any CPU.Build.0 = Release|Any CPU
	EndGlobalSection
	GlobalSection(SolutionProperties) = preSolution
		HideSolutionNode = FALSE
	EndGlobalSection
EndGlobal
